
Microsoft Visual Studio Solution File, Format Version 12.00
# Visual Studio Version 17
VisualStudioVersion = 17.1.32107.79
MinimumVisualStudioVersion = 10.0.40219.1
Project("{FAE04EC0-301F-11D3-BF4B-00C04F79EFBC}") = "ChatApp.UWP", "ChatApp\ChatApp.UWP\ChatApp.UWP.csproj", "{8FE91C70-8F72-4272-A865-1FED63070BB0}"
EndProject
Project("{FAE04EC0-301F-11D3-BF4B-00C04F79EFBC}") = "ChatApp.Android", "ChatApp\ChatApp.Android\ChatApp.Android.csproj", "{9FF28165-584C-4551-9A8E-DA8C2E4F9145}"
EndProject
Project("{FAE04EC0-301F-11D3-BF4B-00C04F79EFBC}") = "ChatApp.iOS", "ChatApp\ChatApp.iOS\ChatApp.iOS.csproj", "{5EE4C2BC-877D-489E-ACEE-8846FD31EE02}"
EndProject
Project("{FAE04EC0-301F-11D3-BF4B-00C04F79EFBC}") = "ChatApp", "ChatApp\ChatApp\ChatApp.csproj", "{0482C1DD-372A-4F33-A99C-7D1C17CF2336}"
EndProject
Global
	GlobalSection(SolutionConfigurationPlatforms) = preSolution
		Debug|Any CPU = Debug|Any CPU
		Debug|ARM = Debug|ARM
		Debug|iPhone = Debug|iPhone
		Debug|iPhoneSimulator = Debug|iPhoneSimulator
		Debug|x64 = Debug|x64
		Debug|x86 = Debug|x86
		Release|Any CPU = Release|Any CPU
		Release|ARM = Release|ARM
		Release|iPhone = Release|iPhone
		Release|iPhoneSimulator = Release|iPhoneSimulator
		Release|x64 = Release|x64
		Release|x86 = Release|x86
	EndGlobalSection
	GlobalSection(ProjectConfigurationPlatforms) = postSolution
		{8FE91C70-8F72-4272-A865-1FED63070BB0}.Debug|Any CPU.ActiveCfg = Debug|x64
		{8FE91C70-8F72-4272-A865-1FED63070BB0}.Debug|Any CPU.Build.0 = Debug|x64
		{8FE91C70-8F72-4272-A865-1FED63070BB0}.Debug|Any CPU.Deploy.0 = Debug|x64
		{8FE91C70-8F72-4272-A865-1FED63070BB0}.Debug|ARM.ActiveCfg = Debug|ARM
		{8FE91C70-8F72-4272-A865-1FED63070BB0}.Debug|ARM.Build.0 = Debug|ARM
		{8FE91C70-8F72-4272-A865-1FED63070BB0}.Debug|ARM.Deploy.0 = Debug|ARM
		{8FE91C70-8F72-4272-A865-1FED63070BB0}.Debug|iPhone.ActiveCfg = Debug|x64
		{8FE91C70-8F72-4272-A865-1FED63070BB0}.Debug|iPhone.Build.0 = Debug|x64
		{8FE91C70-8F72-4272-A865-1FED63070BB0}.Debug|iPhone.Deploy.0 = Debug|x64
		{8FE91C70-8F72-4272-A865-1FED63070BB0}.Debug|iPhoneSimulator.ActiveCfg = Debug|x64
		{8FE91C70-8F72-4272-A865-1FED63070BB0}.Debug|iPhoneSimulator.Build.0 = Debug|x64
		{8FE91C70-8F72-4272-A865-1FED63070BB0}.Debug|iPhoneSimulator.Deploy.0 = Debug|x64
		{8FE91C70-8F72-4272-A865-1FED63070BB0}.Debug|x64.ActiveCfg = Debug|x64
		{8FE91C70-8F72-4272-A865-1FED63070BB0}.Debug|x64.Build.0 = Debug|x64
		{8FE91C70-8F72-4272-A865-1FED63070BB0}.Debug|x64.Deploy.0 = Debug|x64
		{8FE91C70-8F72-4272-A865-1FED63070BB0}.Debug|x86.ActiveCfg = Debug|x86
		{8FE91C70-8F72-4272-A865-1FED63070BB0}.Debug|x86.Build.0 = Debug|x86
		{8FE91C70-8F72-4272-A865-1FED63070BB0}.Debug|x86.Deploy.0 = Debug|x86
		{8FE91C70-8F72-4272-A865-1FED63070BB0}.Release|Any CPU.ActiveCfg = Release|x64
		{8FE91C70-8F72-4272-A865-1FED63070BB0}.Release|Any CPU.Build.0 = Release|x64
		{8FE91C70-8F72-4272-A865-1FED63070BB0}.Release|Any CPU.Deploy.0 = Release|x64
		{8FE91C70-8F72-4272-A865-1FED63070BB0}.Release|ARM.ActiveCfg = Release|ARM
		{8FE91C70-8F72-4272-A865-1FED63070BB0}.Release|ARM.Build.0 = Release|ARM
		{8FE91C70-8F72-4272-A865-1FED63070BB0}.Release|ARM.Deploy.0 = Release|ARM
		{8FE91C70-8F72-4272-A865-1FED63070BB0}.Release|iPhone.ActiveCfg = Release|x64
		{8FE91C70-8F72-4272-A865-1FED63070BB0}.Release|iPhone.Build.0 = Release|x64
		{8FE91C70-8F72-4272-A865-1FED63070BB0}.Release|iPhone.Deploy.0 = Release|x64
		{8FE91C70-8F72-4272-A865-1FED63070BB0}.Release|iPhoneSimulator.ActiveCfg = Release|x64
		{8FE91C70-8F72-4272-A865-1FED63070BB0}.Release|iPhoneSimulator.Build.0 = Release|x64
		{8FE91C70-8F72-4272-A865-1FED63070BB0}.Release|iPhoneSimulator.Deploy.0 = Release|x64
		{8FE91C70-8F72-4272-A865-1FED63070BB0}.Release|x64.ActiveCfg = Release|x64
		{8FE91C70-8F72-4272-A865-1FED63070BB0}.Release|x64.Build.0 = Release|x64
		{8FE91C70-8F72-4272-A865-1FED63070BB0}.Release|x64.Deploy.0 = Release|x64
		{8FE91C70-8F72-4272-A865-1FED63070BB0}.Release|x86.ActiveCfg = Release|x86
		{8FE91C70-8F72-4272-A865-1FED63070BB0}.Release|x86.Build.0 = Release|x86
		{8FE91C70-8F72-4272-A865-1FED63070BB0}.Release|x86.Deploy.0 = Release|x86
		{9FF28165-584C-4551-9A8E-DA8C2E4F9145}.Debug|Any CPU.ActiveCfg = Debug|Any CPU
		{9FF28165-584C-4551-9A8E-DA8C2E4F9145}.Debug|Any CPU.Build.0 = Debug|Any CPU
		{9FF28165-584C-4551-9A8E-DA8C2E4F9145}.Debug|Any CPU.Deploy.0 = Debug|Any CPU
		{9FF28165-584C-4551-9A8E-DA8C2E4F9145}.Debug|ARM.ActiveCfg = Debug|Any CPU
		{9FF28165-584C-4551-9A8E-DA8C2E4F9145}.Debug|ARM.Build.0 = Debug|Any CPU
		{9FF28165-584C-4551-9A8E-DA8C2E4F9145}.Debug|ARM.Deploy.0 = Debug|Any CPU
		{9FF28165-584C-4551-9A8E-DA8C2E4F9145}.Debug|iPhone.ActiveCfg = Debug|Any CPU
		{9FF28165-584C-4551-9A8E-DA8C2E4F9145}.Debug|iPhone.Build.0 = Debug|Any CPU
		{9FF28165-584C-4551-9A8E-DA8C2E4F9145}.Debug|iPhone.Deploy.0 = Debug|Any CPU
		{9FF28165-584C-4551-9A8E-DA8C2E4F9145}.Debug|iPhoneSimulator.ActiveCfg = Debug|Any CPU
		{9FF28165-584C-4551-9A8E-DA8C2E4F9145}.Debug|iPhoneSimulator.Build.0 = Debug|Any CPU
		{9FF28165-584C-4551-9A8E-DA8C2E4F9145}.Debug|iPhoneSimulator.Deploy.0 = Debug|Any CPU
		{9FF28165-584C-4551-9A8E-DA8C2E4F9145}.Debug|x64.ActiveCfg = Debug|Any CPU
		{9FF28165-584C-4551-9A8E-DA8C2E4F9145}.Debug|x64.Build.0 = Debug|Any CPU
		{9FF28165-584C-4551-9A8E-DA8C2E4F9145}.Debug|x64.Deploy.0 = Debug|Any CPU
		{9FF28165-584C-4551-9A8E-DA8C2E4F9145}.Debug|x86.ActiveCfg = Debug|Any CPU
		{9FF28165-584C-4551-9A8E-DA8C2E4F9145}.Debug|x86.Build.0 = Debug|Any CPU
		{9FF28165-584C-4551-9A8E-DA8C2E4F9145}.Debug|x86.Deploy.0 = Debug|Any CPU
		{9FF28165-584C-4551-9A8E-DA8C2E4F9145}.Release|Any CPU.ActiveCfg = Release|Any CPU
		{9FF28165-584C-4551-9A8E-DA8C2E4F9145}.Release|Any CPU.Build.0 = Release|Any CPU
		{9FF28165-584C-4551-9A8E-DA8C2E4F9145}.Release|Any CPU.Deploy.0 = Release|Any CPU
		{9FF28165-584C-4551-9A8E-DA8C2E4F9145}.Release|ARM.ActiveCfg = Release|Any CPU
		{9FF28165-584C-4551-9A8E-DA8C2E4F9145}.Release|ARM.Build.0 = Release|Any CPU
		{9FF28165-584C-4551-9A8E-DA8C2E4F9145}.Release|ARM.Deploy.0 = Release|Any CPU
		{9FF28165-584C-4551-9A8E-DA8C2E4F9145}.Release|iPhone.ActiveCfg = Release|Any CPU
		{9FF28165-584C-4551-9A8E-DA8C2E4F9145}.Release|iPhone.Build.0 = Release|Any CPU
		{9FF28165-584C-4551-9A8E-DA8C2E4F9145}.Release|iPhone.Deploy.0 = Release|Any CPU
		{9FF28165-584C-4551-9A8E-DA8C2E4F9145}.Release|iPhoneSimulator.ActiveCfg = Release|Any CPU
		{9FF28165-584C-4551-9A8E-DA8C2E4F9145}.Release|iPhoneSimulator.Build.0 = Release|Any CPU
		{9FF28165-584C-4551-9A8E-DA8C2E4F9145}.Release|iPhoneSimulator.Deploy.0 = Release|Any CPU
		{9FF28165-584C-4551-9A8E-DA8C2E4F9145}.Release|x64.ActiveCfg = Release|Any CPU
		{9FF28165-584C-4551-9A8E-DA8C2E4F9145}.Release|x64.Build.0 = Release|Any CPU
		{9FF28165-584C-4551-9A8E-DA8C2E4F9145}.Release|x64.Deploy.0 = Release|Any CPU
		{9FF28165-584C-4551-9A8E-DA8C2E4F9145}.Release|x86.ActiveCfg = Release|Any CPU
		{9FF28165-584C-4551-9A8E-DA8C2E4F9145}.Release|x86.Build.0 = Release|Any CPU
		{9FF28165-584C-4551-9A8E-DA8C2E4F9145}.Release|x86.Deploy.0 = Release|Any CPU
		{5EE4C2BC-877D-489E-ACEE-8846FD31EE02}.Debug|Any CPU.ActiveCfg = Debug|iPhoneSimulator
		{5EE4C2BC-877D-489E-ACEE-8846FD31EE02}.Debug|Any CPU.Build.0 = Debug|iPhoneSimulator
		{5EE4C2BC-877D-489E-ACEE-8846FD31EE02}.Debug|Any CPU.Deploy.0 = Debug|iPhoneSimulator
		{5EE4C2BC-877D-489E-ACEE-8846FD31EE02}.Debug|ARM.ActiveCfg = Debug|iPhoneSimulator
		{5EE4C2BC-877D-489E-ACEE-8846FD31EE02}.Debug|ARM.Build.0 = Debug|iPhoneSimulator
		{5EE4C2BC-877D-489E-ACEE-8846FD31EE02}.Debug|ARM.Deploy.0 = Debug|iPhoneSimulator
		{5EE4C2BC-877D-489E-ACEE-8846FD31EE02}.Debug|iPhone.ActiveCfg = Debug|iPhone
		{5EE4C2BC-877D-489E-ACEE-8846FD31EE02}.Debug|iPhone.Build.0 = Debug|iPhone
		{5EE4C2BC-877D-489E-ACEE-8846FD31EE02}.Debug|iPhone.Deploy.0 = Debug|iPhone
		{5EE4C2BC-877D-489E-ACEE-8846FD31EE02}.Debug|iPhoneSimulator.ActiveCfg = Debug|iPhoneSimulator
		{5EE4C2BC-877D-489E-ACEE-8846FD31EE02}.Debug|iPhoneSimulator.Build.0 = Debug|iPhoneSimulator
		{5EE4C2BC-877D-489E-ACEE-8846FD31EE02}.Debug|iPhoneSimulator.Deploy.0 = Debug|iPhoneSimulator
		{5EE4C2BC-877D-489E-ACEE-8846FD31EE02}.Debug|x64.ActiveCfg = Debug|iPhone
		{5EE4C2BC-877D-489E-ACEE-8846FD31EE02}.Debug|x64.Build.0 = Debug|iPhone
		{5EE4C2BC-877D-489E-ACEE-8846FD31EE02}.Debug|x64.Deploy.0 = Debug|iPhone
		{5EE4C2BC-877D-489E-ACEE-8846FD31EE02}.Debug|x86.ActiveCfg = Debug|iPhoneSimulator
		{5EE4C2BC-877D-489E-ACEE-8846FD31EE02}.Debug|x86.Build.0 = Debug|iPhoneSimulator
		{5EE4C2BC-877D-489E-ACEE-8846FD31EE02}.Debug|x86.Deploy.0 = Debug|iPhoneSimulator
		{5EE4C2BC-877D-489E-ACEE-8846FD31EE02}.Release|Any CPU.ActiveCfg = Release|iPhoneSimulator
		{5EE4C2BC-877D-489E-ACEE-8846FD31EE02}.Release|Any CPU.Build.0 = Release|iPhoneSimulator
		{5EE4C2BC-877D-489E-ACEE-8846FD31EE02}.Release|Any CPU.Deploy.0 = Release|iPhoneSimulator
		{5EE4C2BC-877D-489E-ACEE-8846FD31EE02}.Release|ARM.ActiveCfg = Release|iPhoneSimulator
		{5EE4C2BC-877D-489E-ACEE-8846FD31EE02}.Release|ARM.Build.0 = Release|iPhoneSimulator
		{5EE4C2BC-877D-489E-ACEE-8846FD31EE02}.Release|ARM.Deploy.0 = Release|iPhoneSimulator
		{5EE4C2BC-877D-489E-ACEE-8846FD31EE02}.Release|iPhone.ActiveCfg = Release|iPhone
		{5EE4C2BC-877D-489E-ACEE-8846FD31EE02}.Release|iPhone.Build.0 = Release|iPhone
		{5EE4C2BC-877D-489E-ACEE-8846FD31EE02}.Release|iPhone.Deploy.0 = Release|iPhone
		{5EE4C2BC-877D-489E-ACEE-8846FD31EE02}.Release|iPhoneSimulator.ActiveCfg = Release|iPhoneSimulator
		{5EE4C2BC-877D-489E-ACEE-8846FD31EE02}.Release|iPhoneSimulator.Build.0 = Release|iPhoneSimulator
		{5EE4C2BC-877D-489E-ACEE-8846FD31EE02}.Release|iPhoneSimulator.Deploy.0 = Release|iPhoneSimulator
		{5EE4C2BC-877D-489E-ACEE-8846FD31EE02}.Release|x64.ActiveCfg = Release|iPhoneSimulator
		{5EE4C2BC-877D-489E-ACEE-8846FD31EE02}.Release|x64.Build.0 = Release|iPhoneSimulator
		{5EE4C2BC-877D-489E-ACEE-8846FD31EE02}.Release|x64.Deploy.0 = Release|iPhoneSimulator
		{5EE4C2BC-877D-489E-ACEE-8846FD31EE02}.Release|x86.ActiveCfg = Release|iPhoneSimulator
		{5EE4C2BC-877D-489E-ACEE-8846FD31EE02}.Release|x86.Build.0 = Release|iPhoneSimulator
		{5EE4C2BC-877D-489E-ACEE-8846FD31EE02}.Release|x86.Deploy.0 = Release|iPhoneSimulator
		{0482C1DD-372A-4F33-A99C-7D1C17CF2336}.Debug|Any CPU.ActiveCfg = Debug|Any CPU
		{0482C1DD-372A-4F33-A99C-7D1C17CF2336}.Debug|Any CPU.Build.0 = Debug|Any CPU
		{0482C1DD-372A-4F33-A99C-7D1C17CF2336}.Debug|Any CPU.Deploy.0 = Debug|Any CPU
		{0482C1DD-372A-4F33-A99C-7D1C17CF2336}.Debug|ARM.ActiveCfg = Debug|Any CPU
		{0482C1DD-372A-4F33-A99C-7D1C17CF2336}.Debug|ARM.Build.0 = Debug|Any CPU
		{0482C1DD-372A-4F33-A99C-7D1C17CF2336}.Debug|ARM.Deploy.0 = Debug|Any CPU
		{0482C1DD-372A-4F33-A99C-7D1C17CF2336}.Debug|iPhone.ActiveCfg = Debug|Any CPU
		{0482C1DD-372A-4F33-A99C-7D1C17CF2336}.Debug|iPhone.Build.0 = Debug|Any CPU
		{0482C1DD-372A-4F33-A99C-7D1C17CF2336}.Debug|iPhone.Deploy.0 = Debug|Any CPU
		{0482C1DD-372A-4F33-A99C-7D1C17CF2336}.Debug|iPhoneSimulator.ActiveCfg = Debug|Any CPU
		{0482C1DD-372A-4F33-A99C-7D1C17CF2336}.Debug|iPhoneSimulator.Build.0 = Debug|Any CPU
		{0482C1DD-372A-4F33-A99C-7D1C17CF2336}.Debug|iPhoneSimulator.Deploy.0 = Debug|Any CPU
		{0482C1DD-372A-4F33-A99C-7D1C17CF2336}.Debug|x64.ActiveCfg = Debug|Any CPU
		{0482C1DD-372A-4F33-A99C-7D1C17CF2336}.Debug|x64.Build.0 = Debug|Any CPU
		{0482C1DD-372A-4F33-A99C-7D1C17CF2336}.Debug|x64.Deploy.0 = Debug|Any CPU
		{0482C1DD-372A-4F33-A99C-7D1C17CF2336}.Debug|x86.ActiveCfg = Debug|Any CPU
		{0482C1DD-372A-4F33-A99C-7D1C17CF2336}.Debug|x86.Build.0 = Debug|Any CPU
		{0482C1DD-372A-4F33-A99C-7D1C17CF2336}.Debug|x86.Deploy.0 = Debug|Any CPU
		{0482C1DD-372A-4F33-A99C-7D1C17CF2336}.Release|Any CPU.ActiveCfg = Release|Any CPU
		{0482C1DD-372A-4F33-A99C-7D1C17CF2336}.Release|Any CPU.Build.0 = Release|Any CPU
		{0482C1DD-372A-4F33-A99C-7D1C17CF2336}.Release|Any CPU.Deploy.0 = Release|Any CPU
		{0482C1DD-372A-4F33-A99C-7D1C17CF2336}.Release|ARM.ActiveCfg = Release|Any CPU
		{0482C1DD-372A-4F33-A99C-7D1C17CF2336}.Release|ARM.Build.0 = Release|Any CPU
		{0482C1DD-372A-4F33-A99C-7D1C17CF2336}.Release|ARM.Deploy.0 = Release|Any CPU
		{0482C1DD-372A-4F33-A99C-7D1C17CF2336}.Release|iPhone.ActiveCfg = Release|Any CPU
		{0482C1DD-372A-4F33-A99C-7D1C17CF2336}.Release|iPhone.Build.0 = Release|Any CPU
		{0482C1DD-372A-4F33-A99C-7D1C17CF2336}.Release|iPhone.Deploy.0 = Release|Any CPU
		{0482C1DD-372A-4F33-A99C-7D1C17CF2336}.Release|iPhoneSimulator.ActiveCfg = Release|Any CPU
		{0482C1DD-372A-4F33-A99C-7D1C17CF2336}.Release|iPhoneSimulator.Build.0 = Release|Any CPU
		{0482C1DD-372A-4F33-A99C-7D1C17CF2336}.Release|iPhoneSimulator.Deploy.0 = Release|Any CPU
		{0482C1DD-372A-4F33-A99C-7D1C17CF2336}.Release|x64.ActiveCfg = Release|Any CPU
		{0482C1DD-372A-4F33-A99C-7D1C17CF2336}.Release|x64.Build.0 = Release|Any CPU
		{0482C1DD-372A-4F33-A99C-7D1C17CF2336}.Release|x64.Deploy.0 = Release|Any CPU
		{0482C1DD-372A-4F33-A99C-7D1C17CF2336}.Release|x86.ActiveCfg = Release|Any CPU
		{0482C1DD-372A-4F33-A99C-7D1C17CF2336}.Release|x86.Build.0 = Release|Any CPU
		{0482C1DD-372A-4F33-A99C-7D1C17CF2336}.Release|x86.Deploy.0 = Release|Any CPU
	EndGlobalSection
	GlobalSection(SolutionProperties) = preSolution
		HideSolutionNode = FALSE
	EndGlobalSection
	GlobalSection(ExtensibilityGlobals) = postSolution
		SolutionGuid = {AF2632AA-5E04-4F11-8778-D997BDE83742}
	EndGlobalSection
EndGlobal
